
Microsoft Visual Studio Solution File, Format Version 12.00
# Visual Studio Version 17
VisualStudioVersion = 17.1.32407.343
MinimumVisualStudioVersion = 10.0.40219.1
Project("{FAE04EC0-301F-11D3-BF4B-00C04F79EFBC}") = "CalcularUnFactorial", "CalcularUnFactorial\CalcularUnFactorial.csproj", "{EAE3B3A9-129D-4065-A636-3A1A77BE978C}"
EndProject
Project("{FAE04EC0-301F-11D3-BF4B-00C04F79EFBC}") = "Factorial", "Factorial\Factorial.csproj", "{4C503A09-D6FE-4D6E-A85E-6C64DC2C60BC}"
EndProject
Global
	GlobalSection(SolutionConfigurationPlatforms) = preSolution
		Debug|Any CPU = Debug|Any CPU
		Release|Any CPU = Release|Any CPU
	EndGlobalSection
	GlobalSection(ProjectConfigurationPlatforms) = postSolution
		{EAE3B3A9-129D-4065-A636-3A1A77BE978C}.Debug|Any CPU.ActiveCfg = Debug|Any CPU
		{EAE3B3A9-129D-4065-A636-3A1A77BE978C}.Debug|Any CPU.Build.0 = Debug|Any CPU
		{EAE3B3A9-129D-4065-A636-3A1A77BE978C}.Release|Any CPU.ActiveCfg = Release|Any CPU
		{EAE3B3A9-129D-4065-A636-3A1A77BE978C}.Release|Any CPU.Build.0 = Release|Any CPU
		{4C503A09-D6FE-4D6E-A85E-6C64DC2C60BC}.Debug|Any CPU.ActiveCfg = Debug|Any CPU
		{4C503A09-D6FE-4D6E-A85E-6C64DC2C60BC}.Debug|Any CPU.Build.0 = Debug|Any CPU
		{4C503A09-D6FE-4D6E-A85E-6C64DC2C60BC}.Release|Any CPU.ActiveCfg = Release|Any CPU
		{4C503A09-D6FE-4D6E-A85E-6C64DC2C60BC}.Release|Any CPU.Build.0 = Release|Any CPU
	EndGlobalSection
	GlobalSection(SolutionProperties) = preSolution
		HideSolutionNode = FALSE
	EndGlobalSection
	GlobalSection(ExtensibilityGlobals) = postSolution
		SolutionGuid = {0085122B-C6CC-4553-9591-5D5A68EB9197}
	EndGlobalSection
EndGlobal
