
Microsoft Visual Studio Solution File, Format Version 12.00
# Visual Studio Version 17
VisualStudioVersion = 17.1.32228.430
MinimumVisualStudioVersion = 10.0.40219.1
Project("{FAE04EC0-301F-11D3-BF4B-00C04F79EFBC}") = "SobrescribiendoEsasAdvertencias", "SobrescribiendoEsasAdvertencias\SobrescribiendoEsasAdvertencias.csproj", "{3BAFE421-2B28-4C38-9390-719445F31E33}"
EndProject
Global
	GlobalSection(SolutionConfigurationPlatforms) = preSolution
		Debug|Any CPU = Debug|Any CPU
		Release|Any CPU = Release|Any CPU
	EndGlobalSection
	GlobalSection(ProjectConfigurationPlatforms) = postSolution
		{3BAFE421-2B28-4C38-9390-719445F31E33}.Debug|Any CPU.ActiveCfg = Debug|Any CPU
		{3BAFE421-2B28-4C38-9390-719445F31E33}.Debug|Any CPU.Build.0 = Debug|Any CPU
		{3BAFE421-2B28-4C38-9390-719445F31E33}.Release|Any CPU.ActiveCfg = Release|Any CPU
		{3BAFE421-2B28-4C38-9390-719445F31E33}.Release|Any CPU.Build.0 = Release|Any CPU
	EndGlobalSection
	GlobalSection(SolutionProperties) = preSolution
		HideSolutionNode = FALSE
	EndGlobalSection
	GlobalSection(ExtensibilityGlobals) = postSolution
		SolutionGuid = {CD08EC0E-AA16-4720-AE5D-D1BEFB4AF93A}
	EndGlobalSection
EndGlobal
