
Microsoft Visual Studio Solution File, Format Version 12.00
# Visual Studio Version 17
VisualStudioVersion = 17.1.32228.430
MinimumVisualStudioVersion = 10.0.40219.1
Project("{FAE04EC0-301F-11D3-BF4B-00C04F79EFBC}") = "ElViajarEsUnPlacer", "ElViajarEsUnPlacer\ElViajarEsUnPlacer.csproj", "{D24CDFD5-3CE5-4C8F-8CD5-8FD71820F336}"
EndProject
Project("{FAE04EC0-301F-11D3-BF4B-00C04F79EFBC}") = "Consola", "Consola\Consola.csproj", "{CD154EB8-B5A7-4751-9EDB-E130CD6D6CAA}"
EndProject
Global
	GlobalSection(SolutionConfigurationPlatforms) = preSolution
		Debug|Any CPU = Debug|Any CPU
		Release|Any CPU = Release|Any CPU
	EndGlobalSection
	GlobalSection(ProjectConfigurationPlatforms) = postSolution
		{D24CDFD5-3CE5-4C8F-8CD5-8FD71820F336}.Debug|Any CPU.ActiveCfg = Debug|Any CPU
		{D24CDFD5-3CE5-4C8F-8CD5-8FD71820F336}.Debug|Any CPU.Build.0 = Debug|Any CPU
		{D24CDFD5-3CE5-4C8F-8CD5-8FD71820F336}.Release|Any CPU.ActiveCfg = Release|Any CPU
		{D24CDFD5-3CE5-4C8F-8CD5-8FD71820F336}.Release|Any CPU.Build.0 = Release|Any CPU
		{CD154EB8-B5A7-4751-9EDB-E130CD6D6CAA}.Debug|Any CPU.ActiveCfg = Debug|Any CPU
		{CD154EB8-B5A7-4751-9EDB-E130CD6D6CAA}.Debug|Any CPU.Build.0 = Debug|Any CPU
		{CD154EB8-B5A7-4751-9EDB-E130CD6D6CAA}.Release|Any CPU.ActiveCfg = Release|Any CPU
		{CD154EB8-B5A7-4751-9EDB-E130CD6D6CAA}.Release|Any CPU.Build.0 = Release|Any CPU
	EndGlobalSection
	GlobalSection(SolutionProperties) = preSolution
		HideSolutionNode = FALSE
	EndGlobalSection
	GlobalSection(ExtensibilityGlobals) = postSolution
		SolutionGuid = {9A4A4EA0-A5F0-4BEB-BD09-B1231EF3EEF5}
	EndGlobalSection
EndGlobal
